
Microsoft Visual Studio Solution File, Format Version 12.00
# Visual Studio 15
VisualStudioVersion = 15.0.27428.2015
MinimumVisualStudioVersion = 10.0.40219.1
Project("{FAE04EC0-301F-11D3-BF4B-00C04F79EFBC}") = "MyAirportMVC", "MyAirportMVC\MyAirportMVC.csproj", "{1276B4C7-E0D9-416B-8B64-AF6CA41A1B17}"
EndProject
Global
	GlobalSection(SolutionConfigurationPlatforms) = preSolution
		Debug|Any CPU = Debug|Any CPU
		Release|Any CPU = Release|Any CPU
	EndGlobalSection
	GlobalSection(ProjectConfigurationPlatforms) = postSolution
		{1276B4C7-E0D9-416B-8B64-AF6CA41A1B17}.Debug|Any CPU.ActiveCfg = Debug|Any CPU
		{1276B4C7-E0D9-416B-8B64-AF6CA41A1B17}.Debug|Any CPU.Build.0 = Debug|Any CPU
		{1276B4C7-E0D9-416B-8B64-AF6CA41A1B17}.Release|Any CPU.ActiveCfg = Release|Any CPU
		{1276B4C7-E0D9-416B-8B64-AF6CA41A1B17}.Release|Any CPU.Build.0 = Release|Any CPU
	EndGlobalSection
	GlobalSection(SolutionProperties) = preSolution
		HideSolutionNode = FALSE
	EndGlobalSection
	GlobalSection(ExtensibilityGlobals) = postSolution
		SolutionGuid = {9AF6E642-CEA6-4E48-9AC8-716CE6DFB05D}
	EndGlobalSection
EndGlobal
